
Microsoft Visual Studio Solution File, Format Version 12.00
# Visual Studio Version 16
VisualStudioVersion = 16.0.30204.135
MinimumVisualStudioVersion = 10.0.40219.1
Project("{9A19103F-16F7-4668-BE54-9A1E7A4F7556}") = "SmartThingsTerminal", "SmartThingsTerminal\SmartThingsTerminal.csproj", "{9DF95721-8429-48A4-BFA7-8F1C006E8322}"
EndProject
Project("{2150E333-8FDC-42A3-9474-1A3956D46DE8}") = "Solution Items", "Solution Items", "{8AB9BD79-B877-4441-B6A4-88F1F71EE4E2}"
	ProjectSection(SolutionItems) = preProject
		.gitignore = .gitignore
		.github\workflows\dotnet-core.yml = .github\workflows\dotnet-core.yml
		GitVersion.yml = GitVersion.yml
		LICENSE.txt = LICENSE.txt
		README.md = README.md
	EndProjectSection
EndProject
Project("{9A19103F-16F7-4668-BE54-9A1E7A4F7556}") = "Terminal.Gui", "Terminal.Gui\Terminal.Gui.csproj", "{007B0279-3E5F-440D-A5BC-522415D5ABF1}"
EndProject
Project("{2150E333-8FDC-42A3-9474-1A3956D46DE8}") = "docs", "docs", "{0A86A10D-DCD1-4C61-BF22-419BD955333B}"
	ProjectSection(SolutionItems) = preProject
		docs\devices.png = docs\devices.png
		docs\home.png = docs\home.png
		docs\pat.png = docs\pat.png
	EndProjectSection
EndProject
Global
	GlobalSection(SolutionConfigurationPlatforms) = preSolution
		Debug|Any CPU = Debug|Any CPU
		Release|Any CPU = Release|Any CPU
	EndGlobalSection
	GlobalSection(ProjectConfigurationPlatforms) = postSolution
		{9DF95721-8429-48A4-BFA7-8F1C006E8322}.Debug|Any CPU.ActiveCfg = Debug|Any CPU
		{9DF95721-8429-48A4-BFA7-8F1C006E8322}.Debug|Any CPU.Build.0 = Debug|Any CPU
		{9DF95721-8429-48A4-BFA7-8F1C006E8322}.Release|Any CPU.ActiveCfg = Release|Any CPU
		{9DF95721-8429-48A4-BFA7-8F1C006E8322}.Release|Any CPU.Build.0 = Release|Any CPU
		{007B0279-3E5F-440D-A5BC-522415D5ABF1}.Debug|Any CPU.ActiveCfg = Debug|Any CPU
		{007B0279-3E5F-440D-A5BC-522415D5ABF1}.Debug|Any CPU.Build.0 = Debug|Any CPU
		{007B0279-3E5F-440D-A5BC-522415D5ABF1}.Release|Any CPU.ActiveCfg = Release|Any CPU
		{007B0279-3E5F-440D-A5BC-522415D5ABF1}.Release|Any CPU.Build.0 = Release|Any CPU
	EndGlobalSection
	GlobalSection(SolutionProperties) = preSolution
		HideSolutionNode = FALSE
	EndGlobalSection
	GlobalSection(NestedProjects) = preSolution
		{0A86A10D-DCD1-4C61-BF22-419BD955333B} = {8AB9BD79-B877-4441-B6A4-88F1F71EE4E2}
	EndGlobalSection
	GlobalSection(ExtensibilityGlobals) = postSolution
		SolutionGuid = {67A7EDCD-7026-4DEE-A90D-4758DF431428}
	EndGlobalSection
EndGlobal
